# THIS IS AN AUTOGENERATED FILE. DO NOT EDIT THIS FILE DIRECTLY.
# yarn lockfile v1


"@fluidframework/aqueduct@^1.3.6":
  version "1.3.6"
  resolved "https://registry.yarnpkg.com/@fluidframework/aqueduct/-/aqueduct-1.3.6.tgz#c707e24cf52a416c25a576199348902813edd2c2"
  dependencies:
    "@fluidframework/common-definitions" "^0.20.1"
    "@fluidframework/common-utils" "^0.32.2"
    "@fluidframework/container-definitions" "^1.3.6"
    "@fluidframework/container-loader" "^1.3.6"
    "@fluidframework/container-runtime" "^1.3.6"
    "@fluidframework/container-runtime-definitions" "^1.3.6"
    "@fluidframework/core-interfaces" "^1.3.6"
    "@fluidframework/datastore" "^1.3.6"
    "@fluidframework/datastore-definitions" "^1.3.6"
    "@fluidframework/map" "^1.3.6"
    "@fluidframework/request-handler" "^1.3.6"
    "@fluidframework/runtime-definitions" "^1.3.6"
    "@fluidframework/runtime-utils" "^1.3.6"
    "@fluidframework/synthesize" "^1.3.6"
    "@fluidframework/view-interfaces" "^1.3.6"
    uuid "^8.3.1"

"@fluidframework/common-definitions@^0.20.1":
  version "0.20.1"
  resolved "https://registry.yarnpkg.com/@fluidframework/common-definitions/-/common-definitions-0.20.1.tgz#f06a5a6da50bb883d26b6434230481bf92bd13a2"

"@fluidframework/common-utils@^0.32.2":
  version "0.32.2"
  resolved "https://registry.yarnpkg.com/@fluidframework/common-utils/-/common-utils-0.32.2.tgz#d69465d11bab7f3571967f5225cedb4ea9a8d1ff"
  dependencies:
    "@fluidframework/common-definitions" "^0.20.1"
    "@types/events" "^3.0.0"
    base64-js "^1.5.1"
    buffer "^6.0.3"
    events "^3.1.0"
    lodash "^4.17.21"
    sha.js "^2.4.11"

"@fluidframework/container-definitions@^1.3.6":
  version "1.3.6"
  resolved "https://registry.yarnpkg.com/@fluidframework/container-definitions/-/container-definitions-1.3.6.tgz#3b69975f1fdcd7441445f63dfcf07701b9124f58"
  dependencies:
    "@fluidframework/common-definitions" "^0.20.1"
    "@fluidframework/core-interfaces" "^1.3.6"
    "@fluidframework/driver-definitions" "^1.3.6"
    "@fluidframework/protocol-definitions" "^0.1028.2000"
    events "^3.1.0"

"@fluidframework/container-loader@^1.3.6":
  version "1.3.6"
  resolved "https://registry.yarnpkg.com/@fluidframework/container-loader/-/container-loader-1.3.6.tgz#4887af8e5692304d82fb058939b73df5b5c620f8"
  dependencies:
    "@fluidframework/common-definitions" "^0.20.1"
    "@fluidframework/common-utils" "^0.32.2"
    "@fluidframework/container-definitions" "^1.3.6"
    "@fluidframework/container-utils" "^1.3.6"
    "@fluidframework/core-interfaces" "^1.3.6"
    "@fluidframework/driver-definitions" "^1.3.6"
    "@fluidframework/driver-utils" "^1.3.6"
    "@fluidframework/protocol-base" "^0.1036.5001"
    "@fluidframework/protocol-definitions" "^0.1028.2000"
    "@fluidframework/telemetry-utils" "^1.3.6"
    abort-controller "^3.0.0"
    double-ended-queue "^2.1.0-0"
    events "^3.1.0"
    lodash "^4.17.21"
    url "^0.11.0"
    uuid "^8.3.1"

"@fluidframework/container-runtime-definitions@^1.3.6":
  version "1.3.6"
  resolved "https://registry.yarnpkg.com/@fluidframework/container-runtime-definitions/-/container-runtime-definitions-1.3.6.tgz#e634351dfd45d50cb8352fcfdd71353707998874"
  dependencies:
    "@fluidframework/common-definitions" "^0.20.1"
    "@fluidframework/container-definitions" "^1.3.6"
    "@fluidframework/core-interfaces" "^1.3.6"
    "@fluidframework/driver-definitions" "^1.3.6"
    "@fluidframework/protocol-definitions" "^0.1028.2000"
    "@fluidframework/runtime-definitions" "^1.3.6"

"@fluidframework/container-runtime@^1.3.6":
  version "1.3.6"
  resolved "https://registry.yarnpkg.com/@fluidframework/container-runtime/-/container-runtime-1.3.6.tgz#a18a15bb3d4f4c39cc00f6adca06245b2754840f"
  dependencies:
    "@fluidframework/common-definitions" "^0.20.1"
    "@fluidframework/common-utils" "^0.32.2"
    "@fluidframework/container-definitions" "^1.3.6"
    "@fluidframework/container-runtime-definitions" "^1.3.6"
    "@fluidframework/container-utils" "^1.3.6"
    "@fluidframework/core-interfaces" "^1.3.6"
    "@fluidframework/datastore" "^1.3.6"
    "@fluidframework/driver-definitions" "^1.3.6"
    "@fluidframework/driver-utils" "^1.3.6"
    "@fluidframework/garbage-collector" "^1.3.6"
    "@fluidframework/protocol-base" "^0.1036.5001"
    "@fluidframework/protocol-definitions" "^0.1028.2000"
    "@fluidframework/runtime-definitions" "^1.3.6"
    "@fluidframework/runtime-utils" "^1.3.6"
    "@fluidframework/telemetry-utils" "^1.3.6"
    double-ended-queue "^2.1.0-0"
    events "^3.1.0"
    uuid "^8.3.1"

"@fluidframework/container-utils@^1.3.6":
  version "1.3.6"
  resolved "https://registry.yarnpkg.com/@fluidframework/container-utils/-/container-utils-1.3.6.tgz#fe939f79b27aed85f0d0fc4cc29157874c4029c1"
  dependencies:
    "@fluidframework/common-definitions" "^0.20.1"
    "@fluidframework/common-utils" "^0.32.2"
    "@fluidframework/container-definitions" "^1.3.6"
    "@fluidframework/protocol-definitions" "^0.1028.2000"
    "@fluidframework/telemetry-utils" "^1.3.6"

"@fluidframework/core-interfaces@^1.3.6":
  version "1.3.6"
  resolved "https://registry.yarnpkg.com/@fluidframework/core-interfaces/-/core-interfaces-1.3.6.tgz#f30274dee9c50c52441d2d52137c30f9130aebaf"

"@fluidframework/datastore-definitions@^1.3.6":
  version "1.3.6"
  resolved "https://registry.yarnpkg.com/@fluidframework/datastore-definitions/-/datastore-definitions-1.3.6.tgz#0df26e9dde3adcb8d4c35684868b42bfc553f161"
  dependencies:
    "@fluidframework/common-definitions" "^0.20.1"
    "@fluidframework/common-utils" "^0.32.2"
    "@fluidframework/container-definitions" "^1.3.6"
    "@fluidframework/core-interfaces" "^1.3.6"
    "@fluidframework/protocol-definitions" "^0.1028.2000"
    "@fluidframework/runtime-definitions" "^1.3.6"

"@fluidframework/datastore@^1.3.6":
  version "1.3.6"
  resolved "https://registry.yarnpkg.com/@fluidframework/datastore/-/datastore-1.3.6.tgz#f6db9b4601642b50e73c131ab3c809c4ff0322bd"
  dependencies:
    "@fluidframework/common-definitions" "^0.20.1"
    "@fluidframework/common-utils" "^0.32.2"
    "@fluidframework/container-definitions" "^1.3.6"
    "@fluidframework/container-utils" "^1.3.6"
    "@fluidframework/core-interfaces" "^1.3.6"
    "@fluidframework/datastore-definitions" "^1.3.6"
    "@fluidframework/driver-definitions" "^1.3.6"
    "@fluidframework/driver-utils" "^1.3.6"
    "@fluidframework/garbage-collector" "^1.3.6"
    "@fluidframework/protocol-base" "^0.1036.5001"
    "@fluidframework/protocol-definitions" "^0.1028.2000"
    "@fluidframework/runtime-definitions" "^1.3.6"
    "@fluidframework/runtime-utils" "^1.3.6"
    "@fluidframework/telemetry-utils" "^1.3.6"
    lodash "^4.17.21"
    uuid "^8.3.1"

"@fluidframework/driver-base@^1.3.6":
  version "1.3.6"
  resolved "https://registry.yarnpkg.com/@fluidframework/driver-base/-/driver-base-1.3.6.tgz#8e8c5e1841b2023e52d9d45183acd555d625561c"
  dependencies:
    "@fluidframework/common-definitions" "^0.20.1"
    "@fluidframework/common-utils" "^0.32.2"
    "@fluidframework/driver-definitions" "^1.3.6"
    "@fluidframework/driver-utils" "^1.3.6"
    "@fluidframework/protocol-definitions" "^0.1028.2000"
    "@fluidframework/telemetry-utils" "^1.3.6"

"@fluidframework/driver-definitions@^1.3.6":
  version "1.3.6"
  resolved "https://registry.yarnpkg.com/@fluidframework/driver-definitions/-/driver-definitions-1.3.6.tgz#5761ccfd5a0677d4c6c3e6a37bc4ba1b2add8898"
  dependencies:
    "@fluidframework/common-definitions" "^0.20.1"
    "@fluidframework/core-interfaces" "^1.3.6"
    "@fluidframework/protocol-definitions" "^0.1028.2000"

"@fluidframework/driver-utils@^1.3.6":
  version "1.3.6"
  resolved "https://registry.yarnpkg.com/@fluidframework/driver-utils/-/driver-utils-1.3.6.tgz#d174737d3175bc4ee0e40870687ae3018d210522"
  dependencies:
    "@fluidframework/common-definitions" "^0.20.1"
    "@fluidframework/common-utils" "^0.32.2"
    "@fluidframework/core-interfaces" "^1.3.6"
    "@fluidframework/driver-definitions" "^1.3.6"
    "@fluidframework/gitresources" "^0.1036.5001"
    "@fluidframework/protocol-base" "^0.1036.5001"
    "@fluidframework/protocol-definitions" "^0.1028.2000"
    "@fluidframework/telemetry-utils" "^1.3.6"
    axios "^0.26.0"
    uuid "^8.3.1"

"@fluidframework/fluid-static@^1.3.6":
  version "1.3.6"
  resolved "https://registry.yarnpkg.com/@fluidframework/fluid-static/-/fluid-static-1.3.6.tgz#c336517241a806bf584d2df4ee08aa5f550bfefe"
  dependencies:
    "@fluidframework/aqueduct" "^1.3.6"
    "@fluidframework/common-definitions" "^0.20.1"
    "@fluidframework/common-utils" "^0.32.2"
    "@fluidframework/container-definitions" "^1.3.6"
    "@fluidframework/container-loader" "^1.3.6"
    "@fluidframework/container-runtime-definitions" "^1.3.6"
    "@fluidframework/core-interfaces" "^1.3.6"
    "@fluidframework/datastore-definitions" "^1.3.6"
    "@fluidframework/protocol-definitions" "^0.1028.2000"
    "@fluidframework/request-handler" "^1.3.6"
    "@fluidframework/runtime-definitions" "^1.3.6"
    "@fluidframework/runtime-utils" "^1.3.6"

"@fluidframework/garbage-collector@^1.3.6":
  version "1.3.6"
  resolved "https://registry.yarnpkg.com/@fluidframework/garbage-collector/-/garbage-collector-1.3.6.tgz#7c53d6469ebc60f7ea3134e38a03cafa9d62fa6f"
  dependencies:
    "@fluidframework/common-definitions" "^0.20.1"
    "@fluidframework/common-utils" "^0.32.2"
    "@fluidframework/runtime-definitions" "^1.3.6"

"@fluidframework/gitresources@^0.1036.5001":
  version "0.1036.5001"
  resolved "https://registry.yarnpkg.com/@fluidframework/gitresources/-/gitresources-0.1036.5001.tgz#acc99c511fd388ce09194079c46e990b88470ef6"

"@fluidframework/map@^1.3.6":
  version "1.3.6"
  resolved "https://registry.yarnpkg.com/@fluidframework/map/-/map-1.3.6.tgz#7a1cfebc811d049758dc683fef1813e0ebad0ab2"
  dependencies:
    "@fluidframework/common-definitions" "^0.20.1"
    "@fluidframework/common-utils" "^0.32.2"
    "@fluidframework/container-utils" "^1.3.6"
    "@fluidframework/core-interfaces" "^1.3.6"
    "@fluidframework/datastore-definitions" "^1.3.6"
    "@fluidframework/driver-utils" "^1.3.6"
    "@fluidframework/protocol-definitions" "^0.1028.2000"
    "@fluidframework/runtime-definitions" "^1.3.6"
    "@fluidframework/runtime-utils" "^1.3.6"
    "@fluidframework/shared-object-base" "^1.3.6"
    path-browserify "^1.0.1"

"@fluidframework/merge-tree@^1.3.6":
  version "1.3.6"
  resolved "https://registry.yarnpkg.com/@fluidframework/merge-tree/-/merge-tree-1.3.6.tgz#84a8c8d3095c329568eb68fd92cacd829ff2bc29"
  dependencies:
    "@fluidframework/common-definitions" "^0.20.1"
    "@fluidframework/common-utils" "^0.32.2"
    "@fluidframework/container-definitions" "^1.3.6"
    "@fluidframework/container-utils" "^1.3.6"
    "@fluidframework/core-interfaces" "^1.3.6"
    "@fluidframework/datastore-definitions" "^1.3.6"
    "@fluidframework/protocol-definitions" "^0.1028.2000"
    "@fluidframework/runtime-definitions" "^1.3.6"
    "@fluidframework/runtime-utils" "^1.3.6"
    "@fluidframework/shared-object-base" "^1.3.6"
    "@fluidframework/telemetry-utils" "^1.3.6"

"@fluidframework/protocol-base@^0.1036.5001":
  version "0.1036.5001"
  resolved "https://registry.yarnpkg.com/@fluidframework/protocol-base/-/protocol-base-0.1036.5001.tgz#8394ce0604cad0b3efa2a0240c1279437574179a"
  dependencies:
    "@fluidframework/common-utils" "^0.32.2"
    "@fluidframework/gitresources" "^0.1036.5001"
    "@fluidframework/protocol-definitions" "^0.1028.2000"
    lodash "^4.17.21"

"@fluidframework/protocol-definitions@^0.1028.2000":
  version "0.1028.2000"
  resolved "https://registry.yarnpkg.com/@fluidframework/protocol-definitions/-/protocol-definitions-0.1028.2000.tgz#e5f008d6f27cb9b1a91d6315117c01822a40c83d"
  dependencies:
    "@fluidframework/common-definitions" "^0.20.1"

"@fluidframework/request-handler@^1.3.6":
  version "1.3.6"
  resolved "https://registry.yarnpkg.com/@fluidframework/request-handler/-/request-handler-1.3.6.tgz#0ad5e41bfb81ba7b3b947f8391fc6bacdb393610"
  dependencies:
    "@fluidframework/common-utils" "^0.32.2"
    "@fluidframework/container-runtime-definitions" "^1.3.6"
    "@fluidframework/core-interfaces" "^1.3.6"
    "@fluidframework/runtime-definitions" "^1.3.6"
    "@fluidframework/runtime-utils" "^1.3.6"

"@fluidframework/routerlicious-driver@^1.3.6":
  version "1.3.6"
  resolved "https://registry.yarnpkg.com/@fluidframework/routerlicious-driver/-/routerlicious-driver-1.3.6.tgz#0244fa3820abae4033d2119146080b8f15bf5b9b"
  dependencies:
    "@fluidframework/common-definitions" "^0.20.1"
    "@fluidframework/common-utils" "^0.32.2"
    "@fluidframework/driver-base" "^1.3.6"
    "@fluidframework/driver-definitions" "^1.3.6"
    "@fluidframework/driver-utils" "^1.3.6"
    "@fluidframework/gitresources" "^0.1036.5001"
    "@fluidframework/protocol-base" "^0.1036.5001"
    "@fluidframework/protocol-definitions" "^0.1028.2000"
    "@fluidframework/server-services-client" "^0.1036.5001"
    "@fluidframework/telemetry-utils" "^1.3.6"
    cross-fetch "^3.1.5"
    json-stringify-safe "5.0.1"
    querystring "^0.2.0"
    socket.io-client "^4.4.1"
    url-parse "^1.5.8"
    uuid "^8.3.1"

"@fluidframework/runtime-definitions@^1.3.6":
  version "1.3.6"
  resolved "https://registry.yarnpkg.com/@fluidframework/runtime-definitions/-/runtime-definitions-1.3.6.tgz#58895a80ae1b89ed1d9859edd2d03d6cda833673"
  dependencies:
    "@fluidframework/common-definitions" "^0.20.1"
    "@fluidframework/common-utils" "^0.32.2"
    "@fluidframework/container-definitions" "^1.3.6"
    "@fluidframework/core-interfaces" "^1.3.6"
    "@fluidframework/driver-definitions" "^1.3.6"
    "@fluidframework/protocol-definitions" "^0.1028.2000"

"@fluidframework/runtime-utils@^1.3.6":
  version "1.3.6"
  resolved "https://registry.yarnpkg.com/@fluidframework/runtime-utils/-/runtime-utils-1.3.6.tgz#df999b7626891b48163191573dd5111bffc2c466"
  dependencies:
    "@fluidframework/common-definitions" "^0.20.1"
    "@fluidframework/common-utils" "^0.32.2"
    "@fluidframework/container-definitions" "^1.3.6"
    "@fluidframework/container-runtime-definitions" "^1.3.6"
    "@fluidframework/core-interfaces" "^1.3.6"
    "@fluidframework/datastore-definitions" "^1.3.6"
    "@fluidframework/garbage-collector" "^1.3.6"
    "@fluidframework/protocol-base" "^0.1036.5001"
    "@fluidframework/protocol-definitions" "^0.1028.2000"
    "@fluidframework/runtime-definitions" "^1.3.6"
    "@fluidframework/telemetry-utils" "^1.3.6"

"@fluidframework/sequence@^1.3.6":
  version "1.3.6"
  resolved "https://registry.yarnpkg.com/@fluidframework/sequence/-/sequence-1.3.6.tgz#6db874d5afdcec510f1b5e067a994c40666cd16c"
  dependencies:
    "@fluidframework/common-definitions" "^0.20.1"
    "@fluidframework/common-utils" "^0.32.2"
    "@fluidframework/container-utils" "^1.3.6"
    "@fluidframework/core-interfaces" "^1.3.6"
    "@fluidframework/datastore-definitions" "^1.3.6"
    "@fluidframework/merge-tree" "^1.3.6"
    "@fluidframework/protocol-definitions" "^0.1028.2000"
    "@fluidframework/runtime-definitions" "^1.3.6"
    "@fluidframework/runtime-utils" "^1.3.6"
    "@fluidframework/shared-object-base" "^1.3.6"
    "@fluidframework/telemetry-utils" "^1.3.6"
    uuid "^8.3.1"

"@fluidframework/server-services-client@^0.1036.5001":
  version "0.1036.5001"
  resolved "https://registry.yarnpkg.com/@fluidframework/server-services-client/-/server-services-client-0.1036.5001.tgz#4b1da4c76f3d564cd6bd348eb616127c8eeb62ee"
  dependencies:
    "@fluidframework/common-utils" "^0.32.2"
    "@fluidframework/gitresources" "^0.1036.5001"
    "@fluidframework/protocol-base" "^0.1036.5001"
    "@fluidframework/protocol-definitions" "^0.1028.2000"
    axios "^0.26.0"
    crc-32 "1.2.0"
    debug "^4.1.1"
    json-stringify-safe "^5.0.1"
    jsrsasign "^10.2.0"
    jwt-decode "^3.0.0"
    querystring "^0.2.0"
    sillyname "^0.1.0"
    uuid "^8.3.1"

"@fluidframework/shared-object-base@^1.3.6":
  version "1.3.6"
  resolved "https://registry.yarnpkg.com/@fluidframework/shared-object-base/-/shared-object-base-1.3.6.tgz#d06f3139c8f2219701d5013e0cd6ce5841bed744"
  dependencies:
    "@fluidframework/common-definitions" "^0.20.1"
    "@fluidframework/common-utils" "^0.32.2"
    "@fluidframework/container-definitions" "^1.3.6"
    "@fluidframework/container-runtime" "^1.3.6"
    "@fluidframework/container-utils" "^1.3.6"
    "@fluidframework/core-interfaces" "^1.3.6"
    "@fluidframework/datastore" "^1.3.6"
    "@fluidframework/datastore-definitions" "^1.3.6"
    "@fluidframework/protocol-definitions" "^0.1028.2000"
    "@fluidframework/runtime-definitions" "^1.3.6"
    "@fluidframework/runtime-utils" "^1.3.6"
    "@fluidframework/telemetry-utils" "^1.3.6"
    uuid "^8.3.1"

"@fluidframework/synthesize@^1.3.6":
  version "1.3.6"
  resolved "https://registry.yarnpkg.com/@fluidframework/synthesize/-/synthesize-1.3.6.tgz#c7fff93d6deb8e80a704d1ebc8dadd392def82cd"

"@fluidframework/telemetry-utils@^1.3.6":
  version "1.3.6"
  resolved "https://registry.yarnpkg.com/@fluidframework/telemetry-utils/-/telemetry-utils-1.3.6.tgz#99ff919fd6c9c05b172de70fd2247217d2e94db5"
  dependencies:
    "@fluidframework/common-definitions" "^0.20.1"
    "@fluidframework/common-utils" "^0.32.2"
    debug "^4.1.1"
    events "^3.1.0"
    uuid "^8.3.1"

"@fluidframework/tinylicious-client@^1.3.6":
  version "1.3.6"
  resolved "https://registry.yarnpkg.com/@fluidframework/tinylicious-client/-/tinylicious-client-1.3.6.tgz#6818c442d8f3d29476506e6ad26102eacd4c1b87"
  dependencies:
    "@fluidframework/common-definitions" "^0.20.1"
    "@fluidframework/common-utils" "^0.32.2"
    "@fluidframework/container-definitions" "^1.3.6"
    "@fluidframework/container-loader" "^1.3.6"
    "@fluidframework/driver-definitions" "^1.3.6"
    "@fluidframework/driver-utils" "^1.3.6"
    "@fluidframework/fluid-static" "^1.3.6"
    "@fluidframework/map" "^1.3.6"
    "@fluidframework/protocol-definitions" "^0.1028.2000"
    "@fluidframework/routerlicious-driver" "^1.3.6"
    "@fluidframework/runtime-utils" "^1.3.6"
    "@fluidframework/tinylicious-driver" "^1.3.6"
    uuid "^8.3.1"

"@fluidframework/tinylicious-driver@^1.3.6":
  version "1.3.6"
  resolved "https://registry.yarnpkg.com/@fluidframework/tinylicious-driver/-/tinylicious-driver-1.3.6.tgz#36bafb8edae2c287ae2116054d2a9bbc500b9d6a"
  dependencies:
    "@fluidframework/core-interfaces" "^1.3.6"
    "@fluidframework/driver-definitions" "^1.3.6"
    "@fluidframework/driver-utils" "^1.3.6"
    "@fluidframework/protocol-definitions" "^0.1028.2000"
    "@fluidframework/routerlicious-driver" "^1.3.6"
    "@fluidframework/server-services-client" "^0.1036.5001"
    jsrsasign "^10.5.25"
    uuid "^8.3.1"

"@fluidframework/view-interfaces@^1.3.6":
  version "1.3.6"
  resolved "https://registry.yarnpkg.com/@fluidframework/view-interfaces/-/view-interfaces-1.3.6.tgz#fbae8c3262490b06a4a0153ee24762a093ed6bd6"
  dependencies:
    "@fluidframework/core-interfaces" "^1.3.6"

"@socket.io/component-emitter@~3.1.0":
  version "3.1.0"
  resolved "https://registry.yarnpkg.com/@socket.io/component-emitter/-/component-emitter-3.1.0.tgz#96116f2a912e0c02817345b3c10751069920d553"

"@types/events@^3.0.0":
  version "3.0.0"
  resolved "https://registry.yarnpkg.com/@types/events/-/events-3.0.0.tgz#2862f3f58a9a7f7c3e78d79f130dd4d71c25c2a7"

abort-controller@^3.0.0:
  version "3.0.0"
  resolved "https://registry.yarnpkg.com/abort-controller/-/abort-controller-3.0.0.tgz#eaf54d53b62bae4138e809ca225c8439a6efb392"
  dependencies:
    event-target-shim "^5.0.0"

ace-builds@^1.23.0, ace-builds@^1.4.14:
  version "1.23.4"
  resolved "https://registry.yarnpkg.com/ace-builds/-/ace-builds-1.23.4.tgz#4f2c813bbdc886a67224be255ab32a280f779a9a"

axios@^0.26.0:
  version "0.26.1"
  resolved "https://registry.yarnpkg.com/axios/-/axios-0.26.1.tgz#1ede41c51fcf51bbbd6fd43669caaa4f0495aaa9"
  dependencies:
    follow-redirects "^1.14.8"

base64-js@^1.3.1, base64-js@^1.5.1:
  version "1.5.1"
  resolved "https://registry.yarnpkg.com/base64-js/-/base64-js-1.5.1.tgz#1b1b440160a5bf7ad40b650f095963481903930a"

buffer@^6.0.3:
  version "6.0.3"
  resolved "https://registry.yarnpkg.com/buffer/-/buffer-6.0.3.tgz#2ace578459cc8fbe2a70aaa8f52ee63b6a74c6c6"
  dependencies:
    base64-js "^1.3.1"
    ieee754 "^1.2.1"

call-bind@^1.0.0:
  version "1.0.2"
  resolved "https://registry.yarnpkg.com/call-bind/-/call-bind-1.0.2.tgz#b1d4e89e688119c3c9a903ad30abb2f6a919be3c"
  dependencies:
    function-bind "^1.1.1"
    get-intrinsic "^1.0.2"

crc-32@1.2.0:
  version "1.2.0"
  resolved "https://registry.yarnpkg.com/crc-32/-/crc-32-1.2.0.tgz#cb2db6e29b88508e32d9dd0ec1693e7b41a18208"
  dependencies:
    exit-on-epipe "~1.0.1"
    printj "~1.1.0"

cross-fetch@^3.1.5:
  version "3.1.8"
  resolved "https://registry.yarnpkg.com/cross-fetch/-/cross-fetch-3.1.8.tgz#0327eba65fd68a7d119f8fb2bf9334a1a7956f82"
  dependencies:
    node-fetch "^2.6.12"

debug@^4.1.1, debug@~4.3.1, debug@~4.3.2:
  version "4.3.4"
  resolved "https://registry.yarnpkg.com/debug/-/debug-4.3.4.tgz#1319f6579357f2338d3337d2cdd4914bb5dcc865"
  dependencies:
    ms "2.1.2"

diff-match-patch@^1.0.5:
  version "1.0.5"
  resolved "https://registry.yarnpkg.com/diff-match-patch/-/diff-match-patch-1.0.5.tgz#abb584d5f10cd1196dfc55aa03701592ae3f7b37"

double-ended-queue@^2.1.0-0:
  version "2.1.0-0"
  resolved "https://registry.yarnpkg.com/double-ended-queue/-/double-ended-queue-2.1.0-0.tgz#103d3527fd31528f40188130c841efdd78264e5c"

engine.io-client@~6.5.1:
  version "6.5.1"
  resolved "https://registry.yarnpkg.com/engine.io-client/-/engine.io-client-6.5.1.tgz#1735fb8ae3bae5ae13115e18d2f484daf005dd9c"
  dependencies:
    "@socket.io/component-emitter" "~3.1.0"
    debug "~4.3.1"
    engine.io-parser "~5.1.0"
    ws "~8.11.0"
    xmlhttprequest-ssl "~2.0.0"

engine.io-parser@~5.1.0:
  version "5.1.0"
  resolved "https://registry.yarnpkg.com/engine.io-parser/-/engine.io-parser-5.1.0.tgz#d593d6372d7f79212df48f807b8cace1ea1cb1b8"

event-target-shim@^5.0.0:
  version "5.0.1"
  resolved "https://registry.yarnpkg.com/event-target-shim/-/event-target-shim-5.0.1.tgz#5d4d3ebdf9583d63a5333ce2deb7480ab2b05789"

events@^3.1.0:
  version "3.3.0"
  resolved "https://registry.yarnpkg.com/events/-/events-3.3.0.tgz#31a95ad0a924e2d2c419a813aeb2c4e878ea7400"

exit-on-epipe@~1.0.1:
  version "1.0.1"
  resolved "https://registry.yarnpkg.com/exit-on-epipe/-/exit-on-epipe-1.0.1.tgz#0bdd92e87d5285d267daa8171d0eb06159689692"

fluid-framework@^1.3.6:
  version "1.3.6"
  resolved "https://registry.yarnpkg.com/fluid-framework/-/fluid-framework-1.3.6.tgz#ccace807cc65e2cc4bb9560b6046e1dcea3ea48c"
  dependencies:
    "@fluidframework/container-definitions" "^1.3.6"
    "@fluidframework/container-loader" "^1.3.6"
    "@fluidframework/driver-definitions" "^1.3.6"
    "@fluidframework/fluid-static" "^1.3.6"
    "@fluidframework/map" "^1.3.6"
    "@fluidframework/sequence" "^1.3.6"

follow-redirects@^1.14.8:
  version "1.15.2"
  resolved "https://registry.yarnpkg.com/follow-redirects/-/follow-redirects-1.15.2.tgz#b460864144ba63f2681096f274c4e57026da2c13"

function-bind@^1.1.1:
  version "1.1.1"
  resolved "https://registry.yarnpkg.com/function-bind/-/function-bind-1.1.1.tgz#a56899d3ea3c9bab874bb9773b7c5ede92f4895d"

get-intrinsic@^1.0.2:
  version "1.2.1"
  resolved "https://registry.yarnpkg.com/get-intrinsic/-/get-intrinsic-1.2.1.tgz#d295644fed4505fc9cde952c37ee12b477a83d82"
  dependencies:
    function-bind "^1.1.1"
    has "^1.0.3"
    has-proto "^1.0.1"
    has-symbols "^1.0.3"

has-proto@^1.0.1:
  version "1.0.1"
  resolved "https://registry.yarnpkg.com/has-proto/-/has-proto-1.0.1.tgz#1885c1305538958aff469fef37937c22795408e0"

has-symbols@^1.0.3:
  version "1.0.3"
  resolved "https://registry.yarnpkg.com/has-symbols/-/has-symbols-1.0.3.tgz#bb7b2c4349251dce87b125f7bdf874aa7c8b39f8"

has@^1.0.3:
  version "1.0.3"
  resolved "https://registry.yarnpkg.com/has/-/has-1.0.3.tgz#722d7cbfc1f6aa8241f16dd814e011e1f41e8796"
  dependencies:
    function-bind "^1.1.1"

ieee754@^1.2.1:
  version "1.2.1"
  resolved "https://registry.yarnpkg.com/ieee754/-/ieee754-1.2.1.tgz#8eb7a10a63fff25d15a57b001586d177d1b0d352"

inherits@^2.0.1:
  version "2.0.4"
  resolved "https://registry.yarnpkg.com/inherits/-/inherits-2.0.4.tgz#0fa2c64f932917c3433a0ded55363aae37416b7c"

"js-tokens@^3.0.0 || ^4.0.0":
  version "4.0.0"
  resolved "https://registry.yarnpkg.com/js-tokens/-/js-tokens-4.0.0.tgz#19203fb59991df98e3a287050d4647cdeaf32499"

json-stringify-safe@5.0.1, json-stringify-safe@^5.0.1:
  version "5.0.1"
  resolved "https://registry.yarnpkg.com/json-stringify-safe/-/json-stringify-safe-5.0.1.tgz#1296a2d58fd45f19a0f6ce01d65701e2c735b6eb"

jsrsasign@^10.2.0, jsrsasign@^10.5.25:
  version "10.8.6"
  resolved "https://registry.yarnpkg.com/jsrsasign/-/jsrsasign-10.8.6.tgz#ebf7f3c812c6517af84f0d8a10115e0dbfabe145"

jwt-decode@^3.0.0:
  version "3.1.2"
  resolved "https://registry.yarnpkg.com/jwt-decode/-/jwt-decode-3.1.2.tgz#3fb319f3675a2df0c2895c8f5e9fa4b67b04ed59"

lodash.get@^4.4.2:
  version "4.4.2"
  resolved "https://registry.yarnpkg.com/lodash.get/-/lodash.get-4.4.2.tgz#2d177f652fa31e939b4438d5341499dfa3825e99"

lodash.isequal@^4.5.0:
  version "4.5.0"
  resolved "https://registry.yarnpkg.com/lodash.isequal/-/lodash.isequal-4.5.0.tgz#415c4478f2bcc30120c22ce10ed3226f7d3e18e0"

lodash@^4.17.21:
  version "4.17.21"
  resolved "https://registry.yarnpkg.com/lodash/-/lodash-4.17.21.tgz#679591c564c3bffaae8454cf0b3df370c3d6911c"

loose-envify@^1.4.0:
  version "1.4.0"
  resolved "https://registry.yarnpkg.com/loose-envify/-/loose-envify-1.4.0.tgz#71ee51fa7be4caec1a63839f7e682d8132d30caf"
  dependencies:
    js-tokens "^3.0.0 || ^4.0.0"

monaco-editor@^0.31.1:
  version "0.31.1"
  resolved "https://registry.yarnpkg.com/monaco-editor/-/monaco-editor-0.31.1.tgz#67f597b3e45679d1f551237e12a3a42c4438b97b"

ms@2.1.2:
  version "2.1.2"
  resolved "https://registry.yarnpkg.com/ms/-/ms-2.1.2.tgz#d09d1f357b443f493382a8eb3ccd183872ae6009"

node-fetch@^2.6.12:
  version "2.6.12"
  resolved "https://registry.yarnpkg.com/node-fetch/-/node-fetch-2.6.12.tgz#02eb8e22074018e3d5a83016649d04df0e348fba"
  dependencies:
    whatwg-url "^5.0.0"

object-assign@^4.1.1:
  version "4.1.1"
  resolved "https://registry.yarnpkg.com/object-assign/-/object-assign-4.1.1.tgz#2109adc7965887cfc05cbbd442cac8bfbb360863"

object-inspect@^1.9.0:
  version "1.12.3"
  resolved "https://registry.yarnpkg.com/object-inspect/-/object-inspect-1.12.3.tgz#ba62dffd67ee256c8c086dfae69e016cd1f198b9"

path-browserify@^1.0.1:
  version "1.0.1"
  resolved "https://registry.yarnpkg.com/path-browserify/-/path-browserify-1.0.1.tgz#d98454a9c3753d5790860f16f68867b9e46be1fd"

printj@~1.1.0:
  version "1.1.2"
  resolved "https://registry.yarnpkg.com/printj/-/printj-1.1.2.tgz#d90deb2975a8b9f600fb3a1c94e3f4c53c78a222"

prop-types@^15.7.2:
  version "15.8.1"
  resolved "https://registry.yarnpkg.com/prop-types/-/prop-types-15.8.1.tgz#67d87bf1a694f48435cf332c24af10214a3140b5"
  dependencies:
    loose-envify "^1.4.0"
    object-assign "^4.1.1"
    react-is "^16.13.1"

punycode@^1.4.1:
  version "1.4.1"
  resolved "https://registry.yarnpkg.com/punycode/-/punycode-1.4.1.tgz#c0d5a63b2718800ad8e1eb0fa5269c84dd41845e"

qs@^6.11.0:
  version "6.11.2"
  resolved "https://registry.yarnpkg.com/qs/-/qs-6.11.2.tgz#64bea51f12c1f5da1bc01496f48ffcff7c69d7d9"
  dependencies:
    side-channel "^1.0.4"

querystring@^0.2.0:
  version "0.2.1"
  resolved "https://registry.yarnpkg.com/querystring/-/querystring-0.2.1.tgz#40d77615bb09d16902a85c3e38aa8b5ed761c2dd"

querystringify@^2.1.1:
  version "2.2.0"
  resolved "https://registry.yarnpkg.com/querystringify/-/querystringify-2.2.0.tgz#3345941b4153cb9d082d8eee4cda2016a9aef7f6"

react-ace@^10.1.0:
  version "10.1.0"
  resolved "https://registry.yarnpkg.com/react-ace/-/react-ace-10.1.0.tgz#d348eac2b16475231779070b6cd16768deed565f"
  dependencies:
    ace-builds "^1.4.14"
    diff-match-patch "^1.0.5"
    lodash.get "^4.4.2"
    lodash.isequal "^4.5.0"
    prop-types "^15.7.2"

react-is@^16.13.1:
  version "16.13.1"
  resolved "https://registry.yarnpkg.com/react-is/-/react-is-16.13.1.tgz#789729a4dc36de2999dc156dd6c1d9c18cea56a4"

requires-port@^1.0.0:
  version "1.0.0"
  resolved "https://registry.yarnpkg.com/requires-port/-/requires-port-1.0.0.tgz#925d2601d39ac485e091cf0da5c6e694dc3dcaff"

safe-buffer@^5.0.1:
  version "5.2.1"
  resolved "https://registry.yarnpkg.com/safe-buffer/-/safe-buffer-5.2.1.tgz#1eaf9fa9bdb1fdd4ec75f58f9cdb4e6b7827eec6"

sha.js@^2.4.11:
  version "2.4.11"
  resolved "https://registry.yarnpkg.com/sha.js/-/sha.js-2.4.11.tgz#37a5cf0b81ecbc6943de109ba2960d1b26584ae7"
  dependencies:
    inherits "^2.0.1"
    safe-buffer "^5.0.1"

side-channel@^1.0.4:
  version "1.0.4"
  resolved "https://registry.yarnpkg.com/side-channel/-/side-channel-1.0.4.tgz#efce5c8fdc104ee751b25c58d4290011fa5ea2cf"
  dependencies:
    call-bind "^1.0.0"
    get-intrinsic "^1.0.2"
    object-inspect "^1.9.0"

sillyname@^0.1.0:
  version "0.1.0"
  resolved "https://registry.yarnpkg.com/sillyname/-/sillyname-0.1.0.tgz#cfd98858e2498671347775efe3bb5141f46c87d6"

socket.io-client@^4.4.1:
  version "4.7.1"
  resolved "https://registry.yarnpkg.com/socket.io-client/-/socket.io-client-4.7.1.tgz#48e5f703abe4fb0402182bcf9c06b7820fb3453b"
  dependencies:
    "@socket.io/component-emitter" "~3.1.0"
    debug "~4.3.2"
    engine.io-client "~6.5.1"
    socket.io-parser "~4.2.4"

socket.io-parser@~4.2.4:
  version "4.2.4"
  resolved "https://registry.yarnpkg.com/socket.io-parser/-/socket.io-parser-4.2.4.tgz#c806966cf7270601e47469ddeec30fbdfda44c83"
  dependencies:
    "@socket.io/component-emitter" "~3.1.0"
    debug "~4.3.1"

tr46@~0.0.3:
  version "0.0.3"
  resolved "https://registry.yarnpkg.com/tr46/-/tr46-0.0.3.tgz#8184fd347dac9cdc185992f3a6622e14b9d9ab6a"

url-parse@^1.5.8:
  version "1.5.10"
  resolved "https://registry.yarnpkg.com/url-parse/-/url-parse-1.5.10.tgz#9d3c2f736c1d75dd3bd2be507dcc111f1e2ea9c1"
  dependencies:
    querystringify "^2.1.1"
    requires-port "^1.0.0"

url@^0.11.0:
  version "0.11.1"
  resolved "https://registry.yarnpkg.com/url/-/url-0.11.1.tgz#26f90f615427eca1b9f4d6a28288c147e2302a32"
  dependencies:
    punycode "^1.4.1"
    qs "^6.11.0"

uuid@^8.3.1:
  version "8.3.2"
  resolved "https://registry.yarnpkg.com/uuid/-/uuid-8.3.2.tgz#80d5b5ced271bb9af6c445f21a1a04c606cefbe2"

webidl-conversions@^3.0.0:
  version "3.0.1"
  resolved "https://registry.yarnpkg.com/webidl-conversions/-/webidl-conversions-3.0.1.tgz#24534275e2a7bc6be7bc86611cc16ae0a5654871"

whatwg-url@^5.0.0:
  version "5.0.0"
  resolved "https://registry.yarnpkg.com/whatwg-url/-/whatwg-url-5.0.0.tgz#966454e8765462e37644d3626f6742ce8b70965d"
  dependencies:
    tr46 "~0.0.3"
    webidl-conversions "^3.0.0"

ws@~8.11.0:
  version "8.11.0"
  resolved "https://registry.yarnpkg.com/ws/-/ws-8.11.0.tgz#6a0d36b8edfd9f96d8b25683db2f8d7de6e8e143"

xmlhttprequest-ssl@~2.0.0:
  version "2.0.0"
  resolved "https://registry.yarnpkg.com/xmlhttprequest-ssl/-/xmlhttprequest-ssl-2.0.0.tgz#91360c86b914e67f44dce769180027c0da618c67"
