
Microsoft Visual Studio Solution File, Format Version 12.00
# Visual Studio Version 17
VisualStudioVersion = 17.1.31911.260
MinimumVisualStudioVersion = 10.0.40219.1
Project("{9A19103F-16F7-4668-BE54-9A1E7A4F7556}") = "Test", "Test\Test.csproj", "{0C15B753-3E6F-4844-B0B5-96A78C55A5DD}"
EndProject
Project("{FAE04EC0-301F-11D3-BF4B-00C04F79EFBC}") = "Ide", "Ide\Ide.csproj", "{19E37ACA-2767-4D1C-96A2-D0A9F11ABD0A}"
EndProject
Global
	GlobalSection(SolutionConfigurationPlatforms) = preSolution
		Debug|Any CPU = Debug|Any CPU
		Release|Any CPU = Release|Any CPU
	EndGlobalSection
	GlobalSection(ProjectConfigurationPlatforms) = postSolution
		{0C15B753-3E6F-4844-B0B5-96A78C55A5DD}.Debug|Any CPU.ActiveCfg = Debug|Any CPU
		{0C15B753-3E6F-4844-B0B5-96A78C55A5DD}.Debug|Any CPU.Build.0 = Debug|Any CPU
		{0C15B753-3E6F-4844-B0B5-96A78C55A5DD}.Release|Any CPU.ActiveCfg = Release|Any CPU
		{0C15B753-3E6F-4844-B0B5-96A78C55A5DD}.Release|Any CPU.Build.0 = Release|Any CPU
		{19E37ACA-2767-4D1C-96A2-D0A9F11ABD0A}.Debug|Any CPU.ActiveCfg = Debug|Any CPU
		{19E37ACA-2767-4D1C-96A2-D0A9F11ABD0A}.Debug|Any CPU.Build.0 = Debug|Any CPU
		{19E37ACA-2767-4D1C-96A2-D0A9F11ABD0A}.Release|Any CPU.ActiveCfg = Release|Any CPU
		{19E37ACA-2767-4D1C-96A2-D0A9F11ABD0A}.Release|Any CPU.Build.0 = Release|Any CPU
	EndGlobalSection
	GlobalSection(SolutionProperties) = preSolution
		HideSolutionNode = FALSE
	EndGlobalSection
	GlobalSection(ExtensibilityGlobals) = postSolution
		SolutionGuid = {01DEC63E-A122-42C8-A262-D1EE77AFE1B2}
	EndGlobalSection
EndGlobal
