
Microsoft Visual Studio Solution File, Format Version 12.00
# Visual Studio Version 17
VisualStudioVersion = 17.6.33513.286
MinimumVisualStudioVersion = 10.0.40219.1
Project("{9A19103F-16F7-4668-BE54-9A1E7A4F7556}") = "ide", "ide\ide.csproj", "{1B0B688E-EC01-4B72-BBAA-B34C0ED9818F}"
EndProject
Project("{9A19103F-16F7-4668-BE54-9A1E7A4F7556}") = "IronIde", "IronIde\IronIde.csproj", "{F36B0F09-393B-457D-9431-5BE6A18931D9}"
EndProject
Global
	GlobalSection(SolutionConfigurationPlatforms) = preSolution
		Debug|Any CPU = Debug|Any CPU
		Release|Any CPU = Release|Any CPU
	EndGlobalSection
	GlobalSection(ProjectConfigurationPlatforms) = postSolution
		{1B0B688E-EC01-4B72-BBAA-B34C0ED9818F}.Debug|Any CPU.ActiveCfg = Debug|Any CPU
		{1B0B688E-EC01-4B72-BBAA-B34C0ED9818F}.Debug|Any CPU.Build.0 = Debug|Any CPU
		{1B0B688E-EC01-4B72-BBAA-B34C0ED9818F}.Release|Any CPU.ActiveCfg = Release|Any CPU
		{1B0B688E-EC01-4B72-BBAA-B34C0ED9818F}.Release|Any CPU.Build.0 = Release|Any CPU
		{F36B0F09-393B-457D-9431-5BE6A18931D9}.Debug|Any CPU.ActiveCfg = Debug|Any CPU
		{F36B0F09-393B-457D-9431-5BE6A18931D9}.Debug|Any CPU.Build.0 = Debug|Any CPU
		{F36B0F09-393B-457D-9431-5BE6A18931D9}.Release|Any CPU.ActiveCfg = Release|Any CPU
		{F36B0F09-393B-457D-9431-5BE6A18931D9}.Release|Any CPU.Build.0 = Release|Any CPU
	EndGlobalSection
	GlobalSection(SolutionProperties) = preSolution
		HideSolutionNode = FALSE
	EndGlobalSection
	GlobalSection(ExtensibilityGlobals) = postSolution
		SolutionGuid = {4B0AADAF-D927-478B-A820-C909EAD93B19}
	EndGlobalSection
EndGlobal
